
Microsoft Visual Studio Solution File, Format Version 12.00
# Visual Studio Version 16
VisualStudioVersion = 16.0.29418.71
MinimumVisualStudioVersion = 10.0.40219.1
Project("{9A19103F-16F7-4668-BE54-9A1E7A4F7556}") = "Exprelsior", "Exprelsior\Exprelsior.csproj", "{879F140C-DA2B-4FC6-AFA0-01EDFB76D07C}"
EndProject
Project("{9A19103F-16F7-4668-BE54-9A1E7A4F7556}") = "Exprelsior.Shared", "Exprelsior.Shared\Exprelsior.Shared.csproj", "{C1C0E550-E551-4B8D-9BA1-FB6D87ABE957}"
EndProject
Project("{9A19103F-16F7-4668-BE54-9A1E7A4F7556}") = "Exprelsior.Tests", "Exprelsior.Tests\Exprelsior.Tests.csproj", "{3133953A-15F1-46DC-8A97-292C4ACA7F1C}"
EndProject
Global
	GlobalSection(SolutionConfigurationPlatforms) = preSolution
		Debug|Any CPU = Debug|Any CPU
		Release|Any CPU = Release|Any CPU
	EndGlobalSection
	GlobalSection(ProjectConfigurationPlatforms) = postSolution
		{879F140C-DA2B-4FC6-AFA0-01EDFB76D07C}.Debug|Any CPU.ActiveCfg = Debug|Any CPU
		{879F140C-DA2B-4FC6-AFA0-01EDFB76D07C}.Debug|Any CPU.Build.0 = Debug|Any CPU
		{879F140C-DA2B-4FC6-AFA0-01EDFB76D07C}.Release|Any CPU.ActiveCfg = Release|Any CPU
		{879F140C-DA2B-4FC6-AFA0-01EDFB76D07C}.Release|Any CPU.Build.0 = Release|Any CPU
		{C1C0E550-E551-4B8D-9BA1-FB6D87ABE957}.Debug|Any CPU.ActiveCfg = Debug|Any CPU
		{C1C0E550-E551-4B8D-9BA1-FB6D87ABE957}.Debug|Any CPU.Build.0 = Debug|Any CPU
		{C1C0E550-E551-4B8D-9BA1-FB6D87ABE957}.Release|Any CPU.ActiveCfg = Release|Any CPU
		{C1C0E550-E551-4B8D-9BA1-FB6D87ABE957}.Release|Any CPU.Build.0 = Release|Any CPU
		{3133953A-15F1-46DC-8A97-292C4ACA7F1C}.Debug|Any CPU.ActiveCfg = Debug|Any CPU
		{3133953A-15F1-46DC-8A97-292C4ACA7F1C}.Debug|Any CPU.Build.0 = Debug|Any CPU
		{3133953A-15F1-46DC-8A97-292C4ACA7F1C}.Release|Any CPU.ActiveCfg = Release|Any CPU
		{3133953A-15F1-46DC-8A97-292C4ACA7F1C}.Release|Any CPU.Build.0 = Release|Any CPU
	EndGlobalSection
	GlobalSection(SolutionProperties) = preSolution
		HideSolutionNode = FALSE
	EndGlobalSection
	GlobalSection(ExtensibilityGlobals) = postSolution
		SolutionGuid = {539836AB-D3C2-42B8-B448-21D28B0C1F26}
	EndGlobalSection
EndGlobal
